
Microsoft Visual Studio Solution File, Format Version 12.00
# Visual Studio Version 17
VisualStudioVersion = 17.5.002.0
MinimumVisualStudioVersion = 10.0.40219.1
Project("{2150E333-8FDC-42A3-9474-1A3956D46DE8}") = "csharp-prep", "csharp-prep", "{5D278BB7-A213-4FFF-BF8D-A37B6176441A}"
EndProject
Project("{9A19103F-16F7-4668-BE54-9A1E7A4F7556}") = "Prep1", "csharp-prep\Prep1\Prep1.csproj", "{BE506932-BA5E-4395-ABEB-B044ACDA43F5}"
EndProject
Project("{9A19103F-16F7-4668-BE54-9A1E7A4F7556}") = "Prep2", "csharp-prep\Prep2\Prep2.csproj", "{C5BF89BC-D104-4FD0-9E15-D23E42B40AEB}"
EndProject
Project("{9A19103F-16F7-4668-BE54-9A1E7A4F7556}") = "Prep3", "csharp-prep\Prep3\Prep3.csproj", "{AC451F69-D9D7-48F6-9CC8-602E146AD4DA}"
EndProject
Project("{9A19103F-16F7-4668-BE54-9A1E7A4F7556}") = "Prep4", "csharp-prep\Prep4\Prep4.csproj", "{5F6370A0-78C5-4A0E-AD48-9B9152EA70F2}"
EndProject
Project("{9A19103F-16F7-4668-BE54-9A1E7A4F7556}") = "Prep5", "csharp-prep\Prep5\Prep5.csproj", "{E4424EEA-6704-4A0C-9216-89B8EDA31D61}"
EndProject
Project("{2150E333-8FDC-42A3-9474-1A3956D46DE8}") = "final", "final", "{D7385724-39A9-4051-862D-6F940B8D062C}"
EndProject
Project("{9A19103F-16F7-4668-BE54-9A1E7A4F7556}") = "FinalProject", "final\FinalProject\FinalProject.csproj", "{9540C8EE-B041-43F3-8DEF-1E825409CD1B}"
EndProject
Project("{9A19103F-16F7-4668-BE54-9A1E7A4F7556}") = "Foundation1", "final\Foundation1\Foundation1.csproj", "{78273E7E-8FC8-46EC-9495-6F93D86F4339}"
EndProject
Project("{9A19103F-16F7-4668-BE54-9A1E7A4F7556}") = "Foundation2", "final\Foundation2\Foundation2.csproj", "{C9B27088-7BA9-4E34-87C9-494E194A54BB}"
EndProject
Project("{9A19103F-16F7-4668-BE54-9A1E7A4F7556}") = "Foundation3", "final\Foundation3\Foundation3.csproj", "{0AACE739-4EDB-4D18-B316-D7DD4A49CBCF}"
EndProject
Project("{9A19103F-16F7-4668-BE54-9A1E7A4F7556}") = "Foundation4", "final\Foundation4\Foundation4.csproj", "{D135BABD-C96F-4617-BA5D-82C25C57AD11}"
EndProject
Project("{2150E333-8FDC-42A3-9474-1A3956D46DE8}") = "prepare", "prepare", "{0EBEEB49-99F6-429E-BF9B-AD642440D4B2}"
EndProject
Project("{9A19103F-16F7-4668-BE54-9A1E7A4F7556}") = "Learning02", "prepare\Learning02\Learning02.csproj", "{89861EE9-0636-445A-A710-494E8E73EF3A}"
EndProject
Project("{9A19103F-16F7-4668-BE54-9A1E7A4F7556}") = "Learning03", "prepare\Learning03\Learning03.csproj", "{44ACA066-6C8C-4CFF-9C31-9E27E2410733}"
EndProject
Project("{9A19103F-16F7-4668-BE54-9A1E7A4F7556}") = "Learning04", "prepare\Learning04\Learning04.csproj", "{210F7E7D-2CFD-469D-B09A-0440CE99A004}"
EndProject
Project("{9A19103F-16F7-4668-BE54-9A1E7A4F7556}") = "Learning05", "prepare\Learning05\Learning05.csproj", "{52A25E68-715B-4921-8350-FD7BDA924534}"
EndProject
Project("{2150E333-8FDC-42A3-9474-1A3956D46DE8}") = "prove", "prove", "{550D4AEE-9CAC-4AC7-BDE9-264AE50A913D}"
EndProject
Project("{9A19103F-16F7-4668-BE54-9A1E7A4F7556}") = "Develop02", "prove\Develop02\Develop02.csproj", "{8DCDD4AE-C801-4851-9B11-5005279AF59B}"
EndProject
Project("{9A19103F-16F7-4668-BE54-9A1E7A4F7556}") = "Develop03", "prove\Develop03\Develop03.csproj", "{2528C382-EFFB-45F1-8E5B-9B0AFF78C209}"
EndProject
Project("{9A19103F-16F7-4668-BE54-9A1E7A4F7556}") = "Develop04", "prove\Develop04\Develop04.csproj", "{5FA5C200-8FF2-4178-BD28-B5986052134D}"
EndProject
Project("{9A19103F-16F7-4668-BE54-9A1E7A4F7556}") = "Develop05", "prove\Develop05\Develop05.csproj", "{BC187EAD-4657-4499-8F1F-58810AF4E945}"
EndProject
Project("{2150E333-8FDC-42A3-9474-1A3956D46DE8}") = "sandbox", "sandbox", "{C0C96028-A88C-416D-9334-1C3AAA864621}"
EndProject
Project("{9A19103F-16F7-4668-BE54-9A1E7A4F7556}") = "Sandbox", "sandbox\Sandbox\Sandbox.csproj", "{307EA0DB-2159-4B23-84EE-F015BB739FBC}"
EndProject
Global
	GlobalSection(SolutionConfigurationPlatforms) = preSolution
		Debug|Any CPU = Debug|Any CPU
		Release|Any CPU = Release|Any CPU
	EndGlobalSection
	GlobalSection(ProjectConfigurationPlatforms) = postSolution
		{BE506932-BA5E-4395-ABEB-B044ACDA43F5}.Debug|Any CPU.ActiveCfg = Debug|Any CPU
		{BE506932-BA5E-4395-ABEB-B044ACDA43F5}.Debug|Any CPU.Build.0 = Debug|Any CPU
		{BE506932-BA5E-4395-ABEB-B044ACDA43F5}.Release|Any CPU.ActiveCfg = Release|Any CPU
		{BE506932-BA5E-4395-ABEB-B044ACDA43F5}.Release|Any CPU.Build.0 = Release|Any CPU
		{C5BF89BC-D104-4FD0-9E15-D23E42B40AEB}.Debug|Any CPU.ActiveCfg = Debug|Any CPU
		{C5BF89BC-D104-4FD0-9E15-D23E42B40AEB}.Debug|Any CPU.Build.0 = Debug|Any CPU
		{C5BF89BC-D104-4FD0-9E15-D23E42B40AEB}.Release|Any CPU.ActiveCfg = Release|Any CPU
		{C5BF89BC-D104-4FD0-9E15-D23E42B40AEB}.Release|Any CPU.Build.0 = Release|Any CPU
		{AC451F69-D9D7-48F6-9CC8-602E146AD4DA}.Debug|Any CPU.ActiveCfg = Debug|Any CPU
		{AC451F69-D9D7-48F6-9CC8-602E146AD4DA}.Debug|Any CPU.Build.0 = Debug|Any CPU
		{AC451F69-D9D7-48F6-9CC8-602E146AD4DA}.Release|Any CPU.ActiveCfg = Release|Any CPU
		{AC451F69-D9D7-48F6-9CC8-602E146AD4DA}.Release|Any CPU.Build.0 = Release|Any CPU
		{5F6370A0-78C5-4A0E-AD48-9B9152EA70F2}.Debug|Any CPU.ActiveCfg = Debug|Any CPU
		{5F6370A0-78C5-4A0E-AD48-9B9152EA70F2}.Debug|Any CPU.Build.0 = Debug|Any CPU
		{5F6370A0-78C5-4A0E-AD48-9B9152EA70F2}.Release|Any CPU.ActiveCfg = Release|Any CPU
		{5F6370A0-78C5-4A0E-AD48-9B9152EA70F2}.Release|Any CPU.Build.0 = Release|Any CPU
		{E4424EEA-6704-4A0C-9216-89B8EDA31D61}.Debug|Any CPU.ActiveCfg = Debug|Any CPU
		{E4424EEA-6704-4A0C-9216-89B8EDA31D61}.Debug|Any CPU.Build.0 = Debug|Any CPU
		{E4424EEA-6704-4A0C-9216-89B8EDA31D61}.Release|Any CPU.ActiveCfg = Release|Any CPU
		{E4424EEA-6704-4A0C-9216-89B8EDA31D61}.Release|Any CPU.Build.0 = Release|Any CPU
		{9540C8EE-B041-43F3-8DEF-1E825409CD1B}.Debug|Any CPU.ActiveCfg = Debug|Any CPU
		{9540C8EE-B041-43F3-8DEF-1E825409CD1B}.Debug|Any CPU.Build.0 = Debug|Any CPU
		{9540C8EE-B041-43F3-8DEF-1E825409CD1B}.Release|Any CPU.ActiveCfg = Release|Any CPU
		{9540C8EE-B041-43F3-8DEF-1E825409CD1B}.Release|Any CPU.Build.0 = Release|Any CPU
		{78273E7E-8FC8-46EC-9495-6F93D86F4339}.Debug|Any CPU.ActiveCfg = Debug|Any CPU
		{78273E7E-8FC8-46EC-9495-6F93D86F4339}.Debug|Any CPU.Build.0 = Debug|Any CPU
		{78273E7E-8FC8-46EC-9495-6F93D86F4339}.Release|Any CPU.ActiveCfg = Release|Any CPU
		{78273E7E-8FC8-46EC-9495-6F93D86F4339}.Release|Any CPU.Build.0 = Release|Any CPU
		{C9B27088-7BA9-4E34-87C9-494E194A54BB}.Debug|Any CPU.ActiveCfg = Debug|Any CPU
		{C9B27088-7BA9-4E34-87C9-494E194A54BB}.Debug|Any CPU.Build.0 = Debug|Any CPU
		{C9B27088-7BA9-4E34-87C9-494E194A54BB}.Release|Any CPU.ActiveCfg = Release|Any CPU
		{C9B27088-7BA9-4E34-87C9-494E194A54BB}.Release|Any CPU.Build.0 = Release|Any CPU
		{0AACE739-4EDB-4D18-B316-D7DD4A49CBCF}.Debug|Any CPU.ActiveCfg = Debug|Any CPU
		{0AACE739-4EDB-4D18-B316-D7DD4A49CBCF}.Debug|Any CPU.Build.0 = Debug|Any CPU
		{0AACE739-4EDB-4D18-B316-D7DD4A49CBCF}.Release|Any CPU.ActiveCfg = Release|Any CPU
		{0AACE739-4EDB-4D18-B316-D7DD4A49CBCF}.Release|Any CPU.Build.0 = Release|Any CPU
		{D135BABD-C96F-4617-BA5D-82C25C57AD11}.Debug|Any CPU.ActiveCfg = Debug|Any CPU
		{D135BABD-C96F-4617-BA5D-82C25C57AD11}.Debug|Any CPU.Build.0 = Debug|Any CPU
		{D135BABD-C96F-4617-BA5D-82C25C57AD11}.Release|Any CPU.ActiveCfg = Release|Any CPU
		{D135BABD-C96F-4617-BA5D-82C25C57AD11}.Release|Any CPU.Build.0 = Release|Any CPU
		{89861EE9-0636-445A-A710-494E8E73EF3A}.Debug|Any CPU.ActiveCfg = Debug|Any CPU
		{89861EE9-0636-445A-A710-494E8E73EF3A}.Debug|Any CPU.Build.0 = Debug|Any CPU
		{89861EE9-0636-445A-A710-494E8E73EF3A}.Release|Any CPU.ActiveCfg = Release|Any CPU
		{89861EE9-0636-445A-A710-494E8E73EF3A}.Release|Any CPU.Build.0 = Release|Any CPU
		{44ACA066-6C8C-4CFF-9C31-9E27E2410733}.Debug|Any CPU.ActiveCfg = Debug|Any CPU
		{44ACA066-6C8C-4CFF-9C31-9E27E2410733}.Debug|Any CPU.Build.0 = Debug|Any CPU
		{44ACA066-6C8C-4CFF-9C31-9E27E2410733}.Release|Any CPU.ActiveCfg = Release|Any CPU
		{44ACA066-6C8C-4CFF-9C31-9E27E2410733}.Release|Any CPU.Build.0 = Release|Any CPU
		{210F7E7D-2CFD-469D-B09A-0440CE99A004}.Debug|Any CPU.ActiveCfg = Debug|Any CPU
		{210F7E7D-2CFD-469D-B09A-0440CE99A004}.Debug|Any CPU.Build.0 = Debug|Any CPU
		{210F7E7D-2CFD-469D-B09A-0440CE99A004}.Release|Any CPU.ActiveCfg = Release|Any CPU
		{210F7E7D-2CFD-469D-B09A-0440CE99A004}.Release|Any CPU.Build.0 = Release|Any CPU
		{52A25E68-715B-4921-8350-FD7BDA924534}.Debug|Any CPU.ActiveCfg = Debug|Any CPU
		{52A25E68-715B-4921-8350-FD7BDA924534}.Debug|Any CPU.Build.0 = Debug|Any CPU
		{52A25E68-715B-4921-8350-FD7BDA924534}.Release|Any CPU.ActiveCfg = Release|Any CPU
		{52A25E68-715B-4921-8350-FD7BDA924534}.Release|Any CPU.Build.0 = Release|Any CPU
		{8DCDD4AE-C801-4851-9B11-5005279AF59B}.Debug|Any CPU.ActiveCfg = Debug|Any CPU
		{8DCDD4AE-C801-4851-9B11-5005279AF59B}.Debug|Any CPU.Build.0 = Debug|Any CPU
		{8DCDD4AE-C801-4851-9B11-5005279AF59B}.Release|Any CPU.ActiveCfg = Release|Any CPU
		{8DCDD4AE-C801-4851-9B11-5005279AF59B}.Release|Any CPU.Build.0 = Release|Any CPU
		{2528C382-EFFB-45F1-8E5B-9B0AFF78C209}.Debug|Any CPU.ActiveCfg = Debug|Any CPU
		{2528C382-EFFB-45F1-8E5B-9B0AFF78C209}.Debug|Any CPU.Build.0 = Debug|Any CPU
		{2528C382-EFFB-45F1-8E5B-9B0AFF78C209}.Release|Any CPU.ActiveCfg = Release|Any CPU
		{2528C382-EFFB-45F1-8E5B-9B0AFF78C209}.Release|Any CPU.Build.0 = Release|Any CPU
		{5FA5C200-8FF2-4178-BD28-B5986052134D}.Debug|Any CPU.ActiveCfg = Debug|Any CPU
		{5FA5C200-8FF2-4178-BD28-B5986052134D}.Debug|Any CPU.Build.0 = Debug|Any CPU
		{5FA5C200-8FF2-4178-BD28-B5986052134D}.Release|Any CPU.ActiveCfg = Release|Any CPU
		{5FA5C200-8FF2-4178-BD28-B5986052134D}.Release|Any CPU.Build.0 = Release|Any CPU
		{BC187EAD-4657-4499-8F1F-58810AF4E945}.Debug|Any CPU.ActiveCfg = Debug|Any CPU
		{BC187EAD-4657-4499-8F1F-58810AF4E945}.Debug|Any CPU.Build.0 = Debug|Any CPU
		{BC187EAD-4657-4499-8F1F-58810AF4E945}.Release|Any CPU.ActiveCfg = Release|Any CPU
		{BC187EAD-4657-4499-8F1F-58810AF4E945}.Release|Any CPU.Build.0 = Release|Any CPU
		{307EA0DB-2159-4B23-84EE-F015BB739FBC}.Debug|Any CPU.ActiveCfg = Debug|Any CPU
		{307EA0DB-2159-4B23-84EE-F015BB739FBC}.Debug|Any CPU.Build.0 = Debug|Any CPU
		{307EA0DB-2159-4B23-84EE-F015BB739FBC}.Release|Any CPU.ActiveCfg = Release|Any CPU
		{307EA0DB-2159-4B23-84EE-F015BB739FBC}.Release|Any CPU.Build.0 = Release|Any CPU
	EndGlobalSection
	GlobalSection(SolutionProperties) = preSolution
		HideSolutionNode = FALSE
	EndGlobalSection
	GlobalSection(NestedProjects) = preSolution
		{BE506932-BA5E-4395-ABEB-B044ACDA43F5} = {5D278BB7-A213-4FFF-BF8D-A37B6176441A}
		{C5BF89BC-D104-4FD0-9E15-D23E42B40AEB} = {5D278BB7-A213-4FFF-BF8D-A37B6176441A}
		{AC451F69-D9D7-48F6-9CC8-602E146AD4DA} = {5D278BB7-A213-4FFF-BF8D-A37B6176441A}
		{5F6370A0-78C5-4A0E-AD48-9B9152EA70F2} = {5D278BB7-A213-4FFF-BF8D-A37B6176441A}
		{E4424EEA-6704-4A0C-9216-89B8EDA31D61} = {5D278BB7-A213-4FFF-BF8D-A37B6176441A}
		{9540C8EE-B041-43F3-8DEF-1E825409CD1B} = {D7385724-39A9-4051-862D-6F940B8D062C}
		{78273E7E-8FC8-46EC-9495-6F93D86F4339} = {D7385724-39A9-4051-862D-6F940B8D062C}
		{C9B27088-7BA9-4E34-87C9-494E194A54BB} = {D7385724-39A9-4051-862D-6F940B8D062C}
		{0AACE739-4EDB-4D18-B316-D7DD4A49CBCF} = {D7385724-39A9-4051-862D-6F940B8D062C}
		{D135BABD-C96F-4617-BA5D-82C25C57AD11} = {D7385724-39A9-4051-862D-6F940B8D062C}
		{89861EE9-0636-445A-A710-494E8E73EF3A} = {0EBEEB49-99F6-429E-BF9B-AD642440D4B2}
		{44ACA066-6C8C-4CFF-9C31-9E27E2410733} = {0EBEEB49-99F6-429E-BF9B-AD642440D4B2}
		{210F7E7D-2CFD-469D-B09A-0440CE99A004} = {0EBEEB49-99F6-429E-BF9B-AD642440D4B2}
		{52A25E68-715B-4921-8350-FD7BDA924534} = {0EBEEB49-99F6-429E-BF9B-AD642440D4B2}
		{8DCDD4AE-C801-4851-9B11-5005279AF59B} = {550D4AEE-9CAC-4AC7-BDE9-264AE50A913D}
		{2528C382-EFFB-45F1-8E5B-9B0AFF78C209} = {550D4AEE-9CAC-4AC7-BDE9-264AE50A913D}
		{5FA5C200-8FF2-4178-BD28-B5986052134D} = {550D4AEE-9CAC-4AC7-BDE9-264AE50A913D}
		{BC187EAD-4657-4499-8F1F-58810AF4E945} = {550D4AEE-9CAC-4AC7-BDE9-264AE50A913D}
		{307EA0DB-2159-4B23-84EE-F015BB739FBC} = {C0C96028-A88C-416D-9334-1C3AAA864621}
	EndGlobalSection
	GlobalSection(ExtensibilityGlobals) = postSolution
		SolutionGuid = {EF7FD9A3-0B72-4870-A283-32875C95B269}
	EndGlobalSection
EndGlobal
