
Microsoft Visual Studio Solution File, Format Version 12.00
# Visual Studio Version 17
VisualStudioVersion = 17.5.002.0
MinimumVisualStudioVersion = 10.0.40219.1
Project("{2150E333-8FDC-42A3-9474-1A3956D46DE8}") = "csharp-prep", "csharp-prep", "{3E31A08F-520B-412E-BCD4-0D48ADE71D8E}"
EndProject
Project("{9A19103F-16F7-4668-BE54-9A1E7A4F7556}") = "Prep1", "csharp-prep\Prep1\Prep1.csproj", "{74FB4D91-D16C-46A9-AFA6-1D8A26B5389C}"
EndProject
Project("{9A19103F-16F7-4668-BE54-9A1E7A4F7556}") = "Prep2", "csharp-prep\Prep2\Prep2.csproj", "{FB2B5A7A-4E25-42F3-941F-F955F6D7A427}"
EndProject
Project("{9A19103F-16F7-4668-BE54-9A1E7A4F7556}") = "Prep3", "csharp-prep\Prep3\Prep3.csproj", "{12D6AEFC-FDEE-46CC-B58A-55AFD95EC635}"
EndProject
Project("{9A19103F-16F7-4668-BE54-9A1E7A4F7556}") = "Prep4", "csharp-prep\Prep4\Prep4.csproj", "{99DACE78-80BD-4E8F-815F-EB0E454AE817}"
EndProject
Project("{9A19103F-16F7-4668-BE54-9A1E7A4F7556}") = "Prep5", "csharp-prep\Prep5\Prep5.csproj", "{A6E73DC7-985A-4FD9-852A-CC77082F51EC}"
EndProject
Project("{2150E333-8FDC-42A3-9474-1A3956D46DE8}") = "final", "final", "{6886187E-CEFA-4B2D-9CC7-408B3A3B81C3}"
EndProject
Project("{9A19103F-16F7-4668-BE54-9A1E7A4F7556}") = "FinalProject", "final\FinalProject\FinalProject.csproj", "{E3EFAC11-2924-4265-96B3-2094A9BF7639}"
EndProject
Project("{9A19103F-16F7-4668-BE54-9A1E7A4F7556}") = "Foundation1", "final\Foundation1\Foundation1.csproj", "{EECD4B42-4564-4A2D-985D-662798DB9429}"
EndProject
Project("{9A19103F-16F7-4668-BE54-9A1E7A4F7556}") = "Foundation2", "final\Foundation2\Foundation2.csproj", "{2626AB8F-A4BF-4A7C-A3A6-47BED47344D2}"
EndProject
Project("{9A19103F-16F7-4668-BE54-9A1E7A4F7556}") = "Foundation3", "final\Foundation3\Foundation3.csproj", "{5E14A96F-78BA-4E0E-9F89-156795C359E1}"
EndProject
Project("{9A19103F-16F7-4668-BE54-9A1E7A4F7556}") = "Foundation4", "final\Foundation4\Foundation4.csproj", "{50F61D9B-D014-403B-A7CB-9BF2E2BF87CC}"
EndProject
Project("{2150E333-8FDC-42A3-9474-1A3956D46DE8}") = "prepare", "prepare", "{51A0048A-03D4-49B3-B6A7-007C1D17A031}"
EndProject
Project("{9A19103F-16F7-4668-BE54-9A1E7A4F7556}") = "Learning02", "prepare\Learning02\Learning02.csproj", "{48B61C89-48AA-4BD0-AC8E-BC9DA5466F17}"
EndProject
Project("{9A19103F-16F7-4668-BE54-9A1E7A4F7556}") = "Learning03", "prepare\Learning03\Learning03.csproj", "{D0526420-7562-4012-80E8-E77BE85F54AC}"
EndProject
Project("{9A19103F-16F7-4668-BE54-9A1E7A4F7556}") = "Learning04", "prepare\Learning04\Learning04.csproj", "{330B7C0D-2892-4266-B211-2DC5269EBFE2}"
EndProject
Project("{9A19103F-16F7-4668-BE54-9A1E7A4F7556}") = "Learning05", "prepare\Learning05\Learning05.csproj", "{75B1EE81-2F5A-4436-925E-43B7D04C27D3}"
EndProject
Project("{2150E333-8FDC-42A3-9474-1A3956D46DE8}") = "prove", "prove", "{33E1AC70-BF94-4BD4-91F4-0F3823A813EB}"
EndProject
Project("{9A19103F-16F7-4668-BE54-9A1E7A4F7556}") = "Develop02", "prove\Develop02\Develop02.csproj", "{728F9E55-3E72-4E31-A1FF-72CE740143CF}"
EndProject
Project("{9A19103F-16F7-4668-BE54-9A1E7A4F7556}") = "Develop03", "prove\Develop03\Develop03.csproj", "{76A68F07-EBD0-451B-99C4-FAAA57A0EEBE}"
EndProject
Project("{9A19103F-16F7-4668-BE54-9A1E7A4F7556}") = "Develop04", "prove\Develop04\Develop04.csproj", "{DBEC399D-5C62-4DA7-97AE-01620DB04507}"
EndProject
Project("{9A19103F-16F7-4668-BE54-9A1E7A4F7556}") = "Develop05", "prove\Develop05\Develop05.csproj", "{D721EE9A-69E8-4756-A7EC-15C6F865EF9E}"
EndProject
Project("{2150E333-8FDC-42A3-9474-1A3956D46DE8}") = "sandbox", "sandbox", "{5189AB13-6EF9-4025-A2D3-02D8E0E7CA26}"
EndProject
Project("{9A19103F-16F7-4668-BE54-9A1E7A4F7556}") = "Sandbox", "sandbox\Sandbox\Sandbox.csproj", "{CC6477BC-F199-4CB8-AD28-9E02B4724616}"
EndProject
Global
	GlobalSection(SolutionConfigurationPlatforms) = preSolution
		Debug|Any CPU = Debug|Any CPU
		Release|Any CPU = Release|Any CPU
	EndGlobalSection
	GlobalSection(ProjectConfigurationPlatforms) = postSolution
		{74FB4D91-D16C-46A9-AFA6-1D8A26B5389C}.Debug|Any CPU.ActiveCfg = Debug|Any CPU
		{74FB4D91-D16C-46A9-AFA6-1D8A26B5389C}.Debug|Any CPU.Build.0 = Debug|Any CPU
		{74FB4D91-D16C-46A9-AFA6-1D8A26B5389C}.Release|Any CPU.ActiveCfg = Release|Any CPU
		{74FB4D91-D16C-46A9-AFA6-1D8A26B5389C}.Release|Any CPU.Build.0 = Release|Any CPU
		{FB2B5A7A-4E25-42F3-941F-F955F6D7A427}.Debug|Any CPU.ActiveCfg = Debug|Any CPU
		{FB2B5A7A-4E25-42F3-941F-F955F6D7A427}.Debug|Any CPU.Build.0 = Debug|Any CPU
		{FB2B5A7A-4E25-42F3-941F-F955F6D7A427}.Release|Any CPU.ActiveCfg = Release|Any CPU
		{FB2B5A7A-4E25-42F3-941F-F955F6D7A427}.Release|Any CPU.Build.0 = Release|Any CPU
		{12D6AEFC-FDEE-46CC-B58A-55AFD95EC635}.Debug|Any CPU.ActiveCfg = Debug|Any CPU
		{12D6AEFC-FDEE-46CC-B58A-55AFD95EC635}.Debug|Any CPU.Build.0 = Debug|Any CPU
		{12D6AEFC-FDEE-46CC-B58A-55AFD95EC635}.Release|Any CPU.ActiveCfg = Release|Any CPU
		{12D6AEFC-FDEE-46CC-B58A-55AFD95EC635}.Release|Any CPU.Build.0 = Release|Any CPU
		{99DACE78-80BD-4E8F-815F-EB0E454AE817}.Debug|Any CPU.ActiveCfg = Debug|Any CPU
		{99DACE78-80BD-4E8F-815F-EB0E454AE817}.Debug|Any CPU.Build.0 = Debug|Any CPU
		{99DACE78-80BD-4E8F-815F-EB0E454AE817}.Release|Any CPU.ActiveCfg = Release|Any CPU
		{99DACE78-80BD-4E8F-815F-EB0E454AE817}.Release|Any CPU.Build.0 = Release|Any CPU
		{A6E73DC7-985A-4FD9-852A-CC77082F51EC}.Debug|Any CPU.ActiveCfg = Debug|Any CPU
		{A6E73DC7-985A-4FD9-852A-CC77082F51EC}.Debug|Any CPU.Build.0 = Debug|Any CPU
		{A6E73DC7-985A-4FD9-852A-CC77082F51EC}.Release|Any CPU.ActiveCfg = Release|Any CPU
		{A6E73DC7-985A-4FD9-852A-CC77082F51EC}.Release|Any CPU.Build.0 = Release|Any CPU
		{E3EFAC11-2924-4265-96B3-2094A9BF7639}.Debug|Any CPU.ActiveCfg = Debug|Any CPU
		{E3EFAC11-2924-4265-96B3-2094A9BF7639}.Debug|Any CPU.Build.0 = Debug|Any CPU
		{E3EFAC11-2924-4265-96B3-2094A9BF7639}.Release|Any CPU.ActiveCfg = Release|Any CPU
		{E3EFAC11-2924-4265-96B3-2094A9BF7639}.Release|Any CPU.Build.0 = Release|Any CPU
		{EECD4B42-4564-4A2D-985D-662798DB9429}.Debug|Any CPU.ActiveCfg = Debug|Any CPU
		{EECD4B42-4564-4A2D-985D-662798DB9429}.Debug|Any CPU.Build.0 = Debug|Any CPU
		{EECD4B42-4564-4A2D-985D-662798DB9429}.Release|Any CPU.ActiveCfg = Release|Any CPU
		{EECD4B42-4564-4A2D-985D-662798DB9429}.Release|Any CPU.Build.0 = Release|Any CPU
		{2626AB8F-A4BF-4A7C-A3A6-47BED47344D2}.Debug|Any CPU.ActiveCfg = Debug|Any CPU
		{2626AB8F-A4BF-4A7C-A3A6-47BED47344D2}.Debug|Any CPU.Build.0 = Debug|Any CPU
		{2626AB8F-A4BF-4A7C-A3A6-47BED47344D2}.Release|Any CPU.ActiveCfg = Release|Any CPU
		{2626AB8F-A4BF-4A7C-A3A6-47BED47344D2}.Release|Any CPU.Build.0 = Release|Any CPU
		{5E14A96F-78BA-4E0E-9F89-156795C359E1}.Debug|Any CPU.ActiveCfg = Debug|Any CPU
		{5E14A96F-78BA-4E0E-9F89-156795C359E1}.Debug|Any CPU.Build.0 = Debug|Any CPU
		{5E14A96F-78BA-4E0E-9F89-156795C359E1}.Release|Any CPU.ActiveCfg = Release|Any CPU
		{5E14A96F-78BA-4E0E-9F89-156795C359E1}.Release|Any CPU.Build.0 = Release|Any CPU
		{50F61D9B-D014-403B-A7CB-9BF2E2BF87CC}.Debug|Any CPU.ActiveCfg = Debug|Any CPU
		{50F61D9B-D014-403B-A7CB-9BF2E2BF87CC}.Debug|Any CPU.Build.0 = Debug|Any CPU
		{50F61D9B-D014-403B-A7CB-9BF2E2BF87CC}.Release|Any CPU.ActiveCfg = Release|Any CPU
		{50F61D9B-D014-403B-A7CB-9BF2E2BF87CC}.Release|Any CPU.Build.0 = Release|Any CPU
		{48B61C89-48AA-4BD0-AC8E-BC9DA5466F17}.Debug|Any CPU.ActiveCfg = Debug|Any CPU
		{48B61C89-48AA-4BD0-AC8E-BC9DA5466F17}.Debug|Any CPU.Build.0 = Debug|Any CPU
		{48B61C89-48AA-4BD0-AC8E-BC9DA5466F17}.Release|Any CPU.ActiveCfg = Release|Any CPU
		{48B61C89-48AA-4BD0-AC8E-BC9DA5466F17}.Release|Any CPU.Build.0 = Release|Any CPU
		{D0526420-7562-4012-80E8-E77BE85F54AC}.Debug|Any CPU.ActiveCfg = Debug|Any CPU
		{D0526420-7562-4012-80E8-E77BE85F54AC}.Debug|Any CPU.Build.0 = Debug|Any CPU
		{D0526420-7562-4012-80E8-E77BE85F54AC}.Release|Any CPU.ActiveCfg = Release|Any CPU
		{D0526420-7562-4012-80E8-E77BE85F54AC}.Release|Any CPU.Build.0 = Release|Any CPU
		{330B7C0D-2892-4266-B211-2DC5269EBFE2}.Debug|Any CPU.ActiveCfg = Debug|Any CPU
		{330B7C0D-2892-4266-B211-2DC5269EBFE2}.Debug|Any CPU.Build.0 = Debug|Any CPU
		{330B7C0D-2892-4266-B211-2DC5269EBFE2}.Release|Any CPU.ActiveCfg = Release|Any CPU
		{330B7C0D-2892-4266-B211-2DC5269EBFE2}.Release|Any CPU.Build.0 = Release|Any CPU
		{75B1EE81-2F5A-4436-925E-43B7D04C27D3}.Debug|Any CPU.ActiveCfg = Debug|Any CPU
		{75B1EE81-2F5A-4436-925E-43B7D04C27D3}.Debug|Any CPU.Build.0 = Debug|Any CPU
		{75B1EE81-2F5A-4436-925E-43B7D04C27D3}.Release|Any CPU.ActiveCfg = Release|Any CPU
		{75B1EE81-2F5A-4436-925E-43B7D04C27D3}.Release|Any CPU.Build.0 = Release|Any CPU
		{728F9E55-3E72-4E31-A1FF-72CE740143CF}.Debug|Any CPU.ActiveCfg = Debug|Any CPU
		{728F9E55-3E72-4E31-A1FF-72CE740143CF}.Debug|Any CPU.Build.0 = Debug|Any CPU
		{728F9E55-3E72-4E31-A1FF-72CE740143CF}.Release|Any CPU.ActiveCfg = Release|Any CPU
		{728F9E55-3E72-4E31-A1FF-72CE740143CF}.Release|Any CPU.Build.0 = Release|Any CPU
		{76A68F07-EBD0-451B-99C4-FAAA57A0EEBE}.Debug|Any CPU.ActiveCfg = Debug|Any CPU
		{76A68F07-EBD0-451B-99C4-FAAA57A0EEBE}.Debug|Any CPU.Build.0 = Debug|Any CPU
		{76A68F07-EBD0-451B-99C4-FAAA57A0EEBE}.Release|Any CPU.ActiveCfg = Release|Any CPU
		{76A68F07-EBD0-451B-99C4-FAAA57A0EEBE}.Release|Any CPU.Build.0 = Release|Any CPU
		{DBEC399D-5C62-4DA7-97AE-01620DB04507}.Debug|Any CPU.ActiveCfg = Debug|Any CPU
		{DBEC399D-5C62-4DA7-97AE-01620DB04507}.Debug|Any CPU.Build.0 = Debug|Any CPU
		{DBEC399D-5C62-4DA7-97AE-01620DB04507}.Release|Any CPU.ActiveCfg = Release|Any CPU
		{DBEC399D-5C62-4DA7-97AE-01620DB04507}.Release|Any CPU.Build.0 = Release|Any CPU
		{D721EE9A-69E8-4756-A7EC-15C6F865EF9E}.Debug|Any CPU.ActiveCfg = Debug|Any CPU
		{D721EE9A-69E8-4756-A7EC-15C6F865EF9E}.Debug|Any CPU.Build.0 = Debug|Any CPU
		{D721EE9A-69E8-4756-A7EC-15C6F865EF9E}.Release|Any CPU.ActiveCfg = Release|Any CPU
		{D721EE9A-69E8-4756-A7EC-15C6F865EF9E}.Release|Any CPU.Build.0 = Release|Any CPU
		{CC6477BC-F199-4CB8-AD28-9E02B4724616}.Debug|Any CPU.ActiveCfg = Debug|Any CPU
		{CC6477BC-F199-4CB8-AD28-9E02B4724616}.Debug|Any CPU.Build.0 = Debug|Any CPU
		{CC6477BC-F199-4CB8-AD28-9E02B4724616}.Release|Any CPU.ActiveCfg = Release|Any CPU
		{CC6477BC-F199-4CB8-AD28-9E02B4724616}.Release|Any CPU.Build.0 = Release|Any CPU
	EndGlobalSection
	GlobalSection(SolutionProperties) = preSolution
		HideSolutionNode = FALSE
	EndGlobalSection
	GlobalSection(NestedProjects) = preSolution
		{74FB4D91-D16C-46A9-AFA6-1D8A26B5389C} = {3E31A08F-520B-412E-BCD4-0D48ADE71D8E}
		{FB2B5A7A-4E25-42F3-941F-F955F6D7A427} = {3E31A08F-520B-412E-BCD4-0D48ADE71D8E}
		{12D6AEFC-FDEE-46CC-B58A-55AFD95EC635} = {3E31A08F-520B-412E-BCD4-0D48ADE71D8E}
		{99DACE78-80BD-4E8F-815F-EB0E454AE817} = {3E31A08F-520B-412E-BCD4-0D48ADE71D8E}
		{A6E73DC7-985A-4FD9-852A-CC77082F51EC} = {3E31A08F-520B-412E-BCD4-0D48ADE71D8E}
		{E3EFAC11-2924-4265-96B3-2094A9BF7639} = {6886187E-CEFA-4B2D-9CC7-408B3A3B81C3}
		{EECD4B42-4564-4A2D-985D-662798DB9429} = {6886187E-CEFA-4B2D-9CC7-408B3A3B81C3}
		{2626AB8F-A4BF-4A7C-A3A6-47BED47344D2} = {6886187E-CEFA-4B2D-9CC7-408B3A3B81C3}
		{5E14A96F-78BA-4E0E-9F89-156795C359E1} = {6886187E-CEFA-4B2D-9CC7-408B3A3B81C3}
		{50F61D9B-D014-403B-A7CB-9BF2E2BF87CC} = {6886187E-CEFA-4B2D-9CC7-408B3A3B81C3}
		{48B61C89-48AA-4BD0-AC8E-BC9DA5466F17} = {51A0048A-03D4-49B3-B6A7-007C1D17A031}
		{D0526420-7562-4012-80E8-E77BE85F54AC} = {51A0048A-03D4-49B3-B6A7-007C1D17A031}
		{330B7C0D-2892-4266-B211-2DC5269EBFE2} = {51A0048A-03D4-49B3-B6A7-007C1D17A031}
		{75B1EE81-2F5A-4436-925E-43B7D04C27D3} = {51A0048A-03D4-49B3-B6A7-007C1D17A031}
		{728F9E55-3E72-4E31-A1FF-72CE740143CF} = {33E1AC70-BF94-4BD4-91F4-0F3823A813EB}
		{76A68F07-EBD0-451B-99C4-FAAA57A0EEBE} = {33E1AC70-BF94-4BD4-91F4-0F3823A813EB}
		{DBEC399D-5C62-4DA7-97AE-01620DB04507} = {33E1AC70-BF94-4BD4-91F4-0F3823A813EB}
		{D721EE9A-69E8-4756-A7EC-15C6F865EF9E} = {33E1AC70-BF94-4BD4-91F4-0F3823A813EB}
		{CC6477BC-F199-4CB8-AD28-9E02B4724616} = {5189AB13-6EF9-4025-A2D3-02D8E0E7CA26}
	EndGlobalSection
	GlobalSection(ExtensibilityGlobals) = postSolution
		SolutionGuid = {CDF2D7B5-131A-43B8-9F8E-8D3AB907935B}
	EndGlobalSection
EndGlobal
